
Microsoft Visual Studio Solution File, Format Version 12.00
# Visual Studio Version 16
VisualStudioVersion = 16.0.29609.76
MinimumVisualStudioVersion = 10.0.40219.1
Project("{2150E333-8FDC-42A3-9474-1A3956D46DE8}") = "Solid Design Principles", "Solid Design Principles", "{D974CB87-5251-4811-9CC7-A4CF8C696CE9}"
EndProject
Project("{2150E333-8FDC-42A3-9474-1A3956D46DE8}") = "Patterns", "Patterns", "{B9D9A3DB-C316-4746-BDC0-D950A5AB17EE}"
EndProject
Project("{2150E333-8FDC-42A3-9474-1A3956D46DE8}") = "Creational", "Creational", "{648B8E38-E291-4E57-9992-64E96B0D7213}"
EndProject
Project("{2150E333-8FDC-42A3-9474-1A3956D46DE8}") = "Structural", "Structural", "{54DFC97D-6087-46AB-83F4-05ED3C16FC78}"
EndProject
Project("{2150E333-8FDC-42A3-9474-1A3956D46DE8}") = "Behavioral", "Behavioral", "{A0E4BA7B-1D57-4951-8B5F-B3C6224BAC40}"
EndProject
Project("{2150E333-8FDC-42A3-9474-1A3956D46DE8}") = "Single Responsibility Principle", "Single Responsibility Principle", "{91D502F7-67CB-407B-BF85-4EB80E8DB4F8}"
EndProject
Project("{2150E333-8FDC-42A3-9474-1A3956D46DE8}") = "Open Closed Principle", "Open Closed Principle", "{5B81C9A6-786B-4DD5-BB08-8C84B00331A3}"
EndProject
Project("{9A19103F-16F7-4668-BE54-9A1E7A4F7556}") = "CorrectWay_SRP", "Single Responsibility Principle\CorrectWay\CorrectWay_SRP.csproj", "{AA0FC497-9887-4DF9-B365-815D70AD02D1}"
EndProject
Project("{9A19103F-16F7-4668-BE54-9A1E7A4F7556}") = "Issue_SRP", "Single Responsibility Principle\Issue\Issue_SRP.csproj", "{BD90904C-A771-4977-8085-D8DFE22C7155}"
EndProject
Project("{9A19103F-16F7-4668-BE54-9A1E7A4F7556}") = "Issue_OCP", "Open Closed Principle\Issue_OCP\Issue_OCP.csproj", "{89EEE4BA-4D05-483B-BF1B-B2722824EBF5}"
EndProject
Project("{9A19103F-16F7-4668-BE54-9A1E7A4F7556}") = "CorrectWay_OCP", "Open Closed Principle\CorrectWay_OCP\CorrectWay_OCP.csproj", "{36C139E0-A687-41AF-89A8-9490C9CC6365}"
EndProject
Project("{2150E333-8FDC-42A3-9474-1A3956D46DE8}") = "Liskov Substitution Principle", "Liskov Substitution Principle", "{906F23F9-0477-4830-A6D7-995566CD261C}"
EndProject
Project("{2150E333-8FDC-42A3-9474-1A3956D46DE8}") = "Interface Segregation Principle", "Interface Segregation Principle", "{F3E14715-520E-4947-8398-7B4C7366E795}"
EndProject
Project("{2150E333-8FDC-42A3-9474-1A3956D46DE8}") = "Dependency Inversion Principle", "Dependency Inversion Principle", "{7236F370-6664-43B5-AC16-7170D6F6EB22}"
EndProject
Project("{9A19103F-16F7-4668-BE54-9A1E7A4F7556}") = "Issue_DIP", "Dependency Inversion Principle\Issue_DIP\Issue_DIP.csproj", "{E43AB4FE-E3F7-4E9D-8C14-7C3593D6FC33}"
EndProject
Project("{9A19103F-16F7-4668-BE54-9A1E7A4F7556}") = "CorrectWay_DIP", "Dependency Inversion Principle\CorrectWay_DIP\CorrectWay_DIP.csproj", "{6EB666DA-B25B-4F21-BA06-0D444EA29365}"
EndProject
Project("{9A19103F-16F7-4668-BE54-9A1E7A4F7556}") = "Issue_ISP", "Interface Segregation Principle\Issue_ISP\Issue_ISP.csproj", "{6BBB5E04-4098-4A09-8151-5376578005A2}"
EndProject
Project("{9A19103F-16F7-4668-BE54-9A1E7A4F7556}") = "CorrectWay_ISP", "Interface Segregation Principle\CorrectWay_ISP\CorrectWay_ISP.csproj", "{CA2F8EEB-BE01-4188-A3B5-E6B1DEEEEAA9}"
EndProject
Project("{9A19103F-16F7-4668-BE54-9A1E7A4F7556}") = "Issue_LSP", "Liskov Substitution Principle\Issue_LSP\Issue_LSP.csproj", "{8AB1D5BB-750A-4FB0-8984-36C722B590AD}"
EndProject
Project("{9A19103F-16F7-4668-BE54-9A1E7A4F7556}") = "CorrectWay_LSP", "Liskov Substitution Principle\CorrectWay_LSP\CorrectWay_LSP.csproj", "{10D81AD2-06DF-493F-A9F5-6E603B247C6F}"
EndProject
Project("{2150E333-8FDC-42A3-9474-1A3956D46DE8}") = "EntityFramework", "EntityFramework", "{75C8821C-F379-4F52-8F3A-4AFF43660120}"
EndProject
Project("{2150E333-8FDC-42A3-9474-1A3956D46DE8}") = "Core", "Core", "{E6F89483-AB65-4BFA-9142-D2E3CFAD5DCA}"
EndProject
Project("{2150E333-8FDC-42A3-9474-1A3956D46DE8}") = "2.0", "2.0", "{774CCD62-398C-4FA9-AABC-139D971344F8}"
EndProject
Project("{9A19103F-16F7-4668-BE54-9A1E7A4F7556}") = "SampleEFUI", "EntityFramework\Core\2.0\SampleEF\SampleEFUI.csproj", "{B17CF5BE-5E26-4914-8F86-8FDCF083A60C}"
EndProject
Project("{9A19103F-16F7-4668-BE54-9A1E7A4F7556}") = "SampleEF.Domain", "EntityFramework\Core\2.0\SampleEF.Domain\SampleEF.Domain.csproj", "{FA6819D4-D04D-45A8-90F2-F4A3BE33AF53}"
EndProject
Project("{FAE04EC0-301F-11D3-BF4B-00C04F79EFBC}") = "SampleEFCore.Data", "EntityFramework\Core\2.0\SampleEFCore.Data\SampleEFCore.Data.csproj", "{A433FF67-DEFE-406E-9293-6F39B5DA9294}"
EndProject
Project("{2150E333-8FDC-42A3-9474-1A3956D46DE8}") = "Solution Items", "Solution Items", "{D1FEBB12-FFB0-4903-9E54-0E9CF5BC7027}"
EndProject
Global
	GlobalSection(SolutionConfigurationPlatforms) = preSolution
		Debug|Any CPU = Debug|Any CPU
		Release|Any CPU = Release|Any CPU
	EndGlobalSection
	GlobalSection(ProjectConfigurationPlatforms) = postSolution
		{AA0FC497-9887-4DF9-B365-815D70AD02D1}.Debug|Any CPU.ActiveCfg = Debug|Any CPU
		{AA0FC497-9887-4DF9-B365-815D70AD02D1}.Debug|Any CPU.Build.0 = Debug|Any CPU
		{AA0FC497-9887-4DF9-B365-815D70AD02D1}.Release|Any CPU.ActiveCfg = Release|Any CPU
		{AA0FC497-9887-4DF9-B365-815D70AD02D1}.Release|Any CPU.Build.0 = Release|Any CPU
		{BD90904C-A771-4977-8085-D8DFE22C7155}.Debug|Any CPU.ActiveCfg = Debug|Any CPU
		{BD90904C-A771-4977-8085-D8DFE22C7155}.Debug|Any CPU.Build.0 = Debug|Any CPU
		{BD90904C-A771-4977-8085-D8DFE22C7155}.Release|Any CPU.ActiveCfg = Release|Any CPU
		{BD90904C-A771-4977-8085-D8DFE22C7155}.Release|Any CPU.Build.0 = Release|Any CPU
		{89EEE4BA-4D05-483B-BF1B-B2722824EBF5}.Debug|Any CPU.ActiveCfg = Debug|Any CPU
		{89EEE4BA-4D05-483B-BF1B-B2722824EBF5}.Debug|Any CPU.Build.0 = Debug|Any CPU
		{89EEE4BA-4D05-483B-BF1B-B2722824EBF5}.Release|Any CPU.ActiveCfg = Release|Any CPU
		{89EEE4BA-4D05-483B-BF1B-B2722824EBF5}.Release|Any CPU.Build.0 = Release|Any CPU
		{36C139E0-A687-41AF-89A8-9490C9CC6365}.Debug|Any CPU.ActiveCfg = Debug|Any CPU
		{36C139E0-A687-41AF-89A8-9490C9CC6365}.Debug|Any CPU.Build.0 = Debug|Any CPU
		{36C139E0-A687-41AF-89A8-9490C9CC6365}.Release|Any CPU.ActiveCfg = Release|Any CPU
		{36C139E0-A687-41AF-89A8-9490C9CC6365}.Release|Any CPU.Build.0 = Release|Any CPU
		{E43AB4FE-E3F7-4E9D-8C14-7C3593D6FC33}.Debug|Any CPU.ActiveCfg = Debug|Any CPU
		{E43AB4FE-E3F7-4E9D-8C14-7C3593D6FC33}.Debug|Any CPU.Build.0 = Debug|Any CPU
		{E43AB4FE-E3F7-4E9D-8C14-7C3593D6FC33}.Release|Any CPU.ActiveCfg = Release|Any CPU
		{E43AB4FE-E3F7-4E9D-8C14-7C3593D6FC33}.Release|Any CPU.Build.0 = Release|Any CPU
		{6EB666DA-B25B-4F21-BA06-0D444EA29365}.Debug|Any CPU.ActiveCfg = Debug|Any CPU
		{6EB666DA-B25B-4F21-BA06-0D444EA29365}.Debug|Any CPU.Build.0 = Debug|Any CPU
		{6EB666DA-B25B-4F21-BA06-0D444EA29365}.Release|Any CPU.ActiveCfg = Release|Any CPU
		{6EB666DA-B25B-4F21-BA06-0D444EA29365}.Release|Any CPU.Build.0 = Release|Any CPU
		{6BBB5E04-4098-4A09-8151-5376578005A2}.Debug|Any CPU.ActiveCfg = Debug|Any CPU
		{6BBB5E04-4098-4A09-8151-5376578005A2}.Debug|Any CPU.Build.0 = Debug|Any CPU
		{6BBB5E04-4098-4A09-8151-5376578005A2}.Release|Any CPU.ActiveCfg = Release|Any CPU
		{6BBB5E04-4098-4A09-8151-5376578005A2}.Release|Any CPU.Build.0 = Release|Any CPU
		{CA2F8EEB-BE01-4188-A3B5-E6B1DEEEEAA9}.Debug|Any CPU.ActiveCfg = Debug|Any CPU
		{CA2F8EEB-BE01-4188-A3B5-E6B1DEEEEAA9}.Debug|Any CPU.Build.0 = Debug|Any CPU
		{CA2F8EEB-BE01-4188-A3B5-E6B1DEEEEAA9}.Release|Any CPU.ActiveCfg = Release|Any CPU
		{CA2F8EEB-BE01-4188-A3B5-E6B1DEEEEAA9}.Release|Any CPU.Build.0 = Release|Any CPU
		{8AB1D5BB-750A-4FB0-8984-36C722B590AD}.Debug|Any CPU.ActiveCfg = Debug|Any CPU
		{8AB1D5BB-750A-4FB0-8984-36C722B590AD}.Debug|Any CPU.Build.0 = Debug|Any CPU
		{8AB1D5BB-750A-4FB0-8984-36C722B590AD}.Release|Any CPU.ActiveCfg = Release|Any CPU
		{8AB1D5BB-750A-4FB0-8984-36C722B590AD}.Release|Any CPU.Build.0 = Release|Any CPU
		{10D81AD2-06DF-493F-A9F5-6E603B247C6F}.Debug|Any CPU.ActiveCfg = Debug|Any CPU
		{10D81AD2-06DF-493F-A9F5-6E603B247C6F}.Debug|Any CPU.Build.0 = Debug|Any CPU
		{10D81AD2-06DF-493F-A9F5-6E603B247C6F}.Release|Any CPU.ActiveCfg = Release|Any CPU
		{10D81AD2-06DF-493F-A9F5-6E603B247C6F}.Release|Any CPU.Build.0 = Release|Any CPU
		{B17CF5BE-5E26-4914-8F86-8FDCF083A60C}.Debug|Any CPU.ActiveCfg = Debug|Any CPU
		{B17CF5BE-5E26-4914-8F86-8FDCF083A60C}.Debug|Any CPU.Build.0 = Debug|Any CPU
		{B17CF5BE-5E26-4914-8F86-8FDCF083A60C}.Release|Any CPU.ActiveCfg = Release|Any CPU
		{B17CF5BE-5E26-4914-8F86-8FDCF083A60C}.Release|Any CPU.Build.0 = Release|Any CPU
		{FA6819D4-D04D-45A8-90F2-F4A3BE33AF53}.Debug|Any CPU.ActiveCfg = Debug|Any CPU
		{FA6819D4-D04D-45A8-90F2-F4A3BE33AF53}.Debug|Any CPU.Build.0 = Debug|Any CPU
		{FA6819D4-D04D-45A8-90F2-F4A3BE33AF53}.Release|Any CPU.ActiveCfg = Release|Any CPU
		{FA6819D4-D04D-45A8-90F2-F4A3BE33AF53}.Release|Any CPU.Build.0 = Release|Any CPU
		{A433FF67-DEFE-406E-9293-6F39B5DA9294}.Debug|Any CPU.ActiveCfg = Debug|Any CPU
		{A433FF67-DEFE-406E-9293-6F39B5DA9294}.Debug|Any CPU.Build.0 = Debug|Any CPU
		{A433FF67-DEFE-406E-9293-6F39B5DA9294}.Release|Any CPU.ActiveCfg = Release|Any CPU
		{A433FF67-DEFE-406E-9293-6F39B5DA9294}.Release|Any CPU.Build.0 = Release|Any CPU
	EndGlobalSection
	GlobalSection(SolutionProperties) = preSolution
		HideSolutionNode = FALSE
	EndGlobalSection
	GlobalSection(NestedProjects) = preSolution
		{648B8E38-E291-4E57-9992-64E96B0D7213} = {B9D9A3DB-C316-4746-BDC0-D950A5AB17EE}
		{54DFC97D-6087-46AB-83F4-05ED3C16FC78} = {B9D9A3DB-C316-4746-BDC0-D950A5AB17EE}
		{A0E4BA7B-1D57-4951-8B5F-B3C6224BAC40} = {B9D9A3DB-C316-4746-BDC0-D950A5AB17EE}
		{91D502F7-67CB-407B-BF85-4EB80E8DB4F8} = {D974CB87-5251-4811-9CC7-A4CF8C696CE9}
		{5B81C9A6-786B-4DD5-BB08-8C84B00331A3} = {D974CB87-5251-4811-9CC7-A4CF8C696CE9}
		{AA0FC497-9887-4DF9-B365-815D70AD02D1} = {91D502F7-67CB-407B-BF85-4EB80E8DB4F8}
		{BD90904C-A771-4977-8085-D8DFE22C7155} = {91D502F7-67CB-407B-BF85-4EB80E8DB4F8}
		{89EEE4BA-4D05-483B-BF1B-B2722824EBF5} = {5B81C9A6-786B-4DD5-BB08-8C84B00331A3}
		{36C139E0-A687-41AF-89A8-9490C9CC6365} = {5B81C9A6-786B-4DD5-BB08-8C84B00331A3}
		{906F23F9-0477-4830-A6D7-995566CD261C} = {D974CB87-5251-4811-9CC7-A4CF8C696CE9}
		{F3E14715-520E-4947-8398-7B4C7366E795} = {D974CB87-5251-4811-9CC7-A4CF8C696CE9}
		{7236F370-6664-43B5-AC16-7170D6F6EB22} = {D974CB87-5251-4811-9CC7-A4CF8C696CE9}
		{E43AB4FE-E3F7-4E9D-8C14-7C3593D6FC33} = {7236F370-6664-43B5-AC16-7170D6F6EB22}
		{6EB666DA-B25B-4F21-BA06-0D444EA29365} = {7236F370-6664-43B5-AC16-7170D6F6EB22}
		{6BBB5E04-4098-4A09-8151-5376578005A2} = {F3E14715-520E-4947-8398-7B4C7366E795}
		{CA2F8EEB-BE01-4188-A3B5-E6B1DEEEEAA9} = {F3E14715-520E-4947-8398-7B4C7366E795}
		{8AB1D5BB-750A-4FB0-8984-36C722B590AD} = {906F23F9-0477-4830-A6D7-995566CD261C}
		{10D81AD2-06DF-493F-A9F5-6E603B247C6F} = {906F23F9-0477-4830-A6D7-995566CD261C}
		{E6F89483-AB65-4BFA-9142-D2E3CFAD5DCA} = {75C8821C-F379-4F52-8F3A-4AFF43660120}
		{774CCD62-398C-4FA9-AABC-139D971344F8} = {E6F89483-AB65-4BFA-9142-D2E3CFAD5DCA}
		{B17CF5BE-5E26-4914-8F86-8FDCF083A60C} = {774CCD62-398C-4FA9-AABC-139D971344F8}
		{FA6819D4-D04D-45A8-90F2-F4A3BE33AF53} = {774CCD62-398C-4FA9-AABC-139D971344F8}
		{A433FF67-DEFE-406E-9293-6F39B5DA9294} = {774CCD62-398C-4FA9-AABC-139D971344F8}
	EndGlobalSection
	GlobalSection(ExtensibilityGlobals) = postSolution
		SolutionGuid = {5BE5A56D-AB4C-406B-92A7-AE2B36BB5D3A}
	EndGlobalSection
EndGlobal
